
Microsoft Visual Studio Solution File, Format Version 12.00
# Visual Studio 2012
Project("{8BC9CEB8-8B4A-11D0-8D11-00A0C91BC942}") = "Minesweeper", "Minesweeper\Minesweeper.vcxproj", "{AA47D08F-2479-480A-9C1F-2FDFA15F29B6}"
EndProject
Global
	GlobalSection(SolutionConfigurationPlatforms) = preSolution
		Debug|Win32 = Debug|Win32
		Release|Win32 = Release|Win32
	EndGlobalSection
	GlobalSection(ProjectConfigurationPlatforms) = postSolution
		{AA47D08F-2479-480A-9C1F-2FDFA15F29B6}.Debug|Win32.ActiveCfg = Debug|Win32
		{AA47D08F-2479-480A-9C1F-2FDFA15F29B6}.Debug|Win32.Build.0 = Debug|Win32
		{AA47D08F-2479-480A-9C1F-2FDFA15F29B6}.Release|Win32.ActiveCfg = Release|Win32
		{AA47D08F-2479-480A-9C1F-2FDFA15F29B6}.Release|Win32.Build.0 = Release|Win32
	EndGlobalSection
	GlobalSection(SolutionProperties) = preSolution
		HideSolutionNode = FALSE
	EndGlobalSection
EndGlobal
